<?xml version="1.0" encoding="utf-8"?>
<Project ToolsVersion="4.0" xmlns="http://schemas.microsoft.com/developer/msbuild/2003">
  <ItemGroup>
    <Filter Include="Source Files">
      <UniqueIdentifier>{4FC737F1-C7A5-4376-A066-2A32D752A2FF}</UniqueIdentifier>
      <Extensions>cpp;c;cc;cxx;def;odl;idl;hpj;bat;asm;asmx</Extensions>
    </Filter>
    <Filter Include="Header Files">
      <UniqueIdentifier>{93995380-89BD-4b04-88EB-625FBE52EBFB}</UniqueIdentifier>
      <Extensions>h;hh;hpp;hxx;hm;inl;inc;ipp;xsd</Extensions>
    </Filter>
    <Filter Include="Resource Files">
      <UniqueIdentifier>{67DA6AB6-F800-4c08-8B7A-83BB121AAD01}</UniqueIdentifier>
      <Extensions>rc;ico;cur;bmp;dlg;rc2;rct;bin;rgs;gif;jpg;jpeg;jpe;resx;tiff;tif;png;wav;mfcribbon-ms</Extensions>
    </Filter>
    <Filter Include="Source Files\common">
      <UniqueIdentifier>{57bf6d0c-3d36-4d73-bc4d-3f6a822bbf3a}</UniqueIdentifier>
    </Filter>
    <Filter Include="Source Files\core">
      <UniqueIdentifier>{453d5dc1-add0-463c-b25f-ad96ee95601d}</UniqueIdentifier>
    </Filter>
    <Filter Include="Source Files\scene">
      <UniqueIdentifier>{ec4e8473-4d40-40d7-8da5-3d88ddc64777}</UniqueIdentifier>
    </Filter>
    <Filter Include="Source Files\render">
      <UniqueIdentifier>{d9ae5b3f-2aca-4377-83d7-e297796d339b}</UniqueIdentifier>
    </Filter>
    <Filter Include="Source Files\render\shader">
      <UniqueIdentifier>{4cf8e07a-460d-4341-9cbd-e7a3ed99d736}</UniqueIdentifier>
    </Filter>
    <Filter Include="Source Files\data">
      <UniqueIdentifier>{ccfb60d3-2519-469e-bf17-a4ed871c02bf}</UniqueIdentifier>
    </Filter>
    <Filter Include="Source Files\scene\mesh">
      <UniqueIdentifier>{b1f6becd-a816-4762-adcc-b92c29611640}</UniqueIdentifier>
    </Filter>
    <Filter Include="Source Files\scene\camera">
      <UniqueIdentifier>{889fe3d3-25f4-4cad-b790-a54f702ab189}</UniqueIdentifier>
    </Filter>
    <Filter Include="Source Files\render\resources">
      <UniqueIdentifier>{aa925110-950f-4efa-912e-53198cfc9020}</UniqueIdentifier>
    </Filter>
    <Filter Include="Source Files\stb">
      <UniqueIdentifier>{26fe92d7-f51a-4861-b517-67f7020bda4b}</UniqueIdentifier>
    </Filter>
    <Filter Include="Source Files\render\memory">
      <UniqueIdentifier>{f015e519-bf71-4fd3-bf09-7b48a6df003e}</UniqueIdentifier>
    </Filter>
    <Filter Include="Source Files\import">
      <UniqueIdentifier>{8bd6c7f7-8fae-4235-bfce-d07e5774401f}</UniqueIdentifier>
    </Filter>
    <Filter Include="Source Files\render\objects">
      <UniqueIdentifier>{42fc3c23-577a-4619-b9b7-dd6ce13c1c8c}</UniqueIdentifier>
    </Filter>
    <Filter Include="Source Files\render\passes">
      <UniqueIdentifier>{3a1b3faa-8977-41d7-acbe-c47601e02096}</UniqueIdentifier>
    </Filter>
    <Filter Include="Source Files\utils">
      <UniqueIdentifier>{e178d0ae-de75-4ed8-bb83-bef791751e2d}</UniqueIdentifier>
    </Filter>
    <Filter Include="Source Files\scene\light">
      <UniqueIdentifier>{98ca981e-fec5-465a-8cd0-f246401a1106}</UniqueIdentifier>
    </Filter>
    <Filter Include="Source Files\async">
      <UniqueIdentifier>{0147eef5-5702-42d6-a505-06f4c712b82e}</UniqueIdentifier>
    </Filter>
    <Filter Include="Source Files\messages">
      <UniqueIdentifier>{a8af05ee-d919-4628-8e19-5e3b89bf1285}</UniqueIdentifier>
    </Filter>
    <Filter Include="Shaders">
      <UniqueIdentifier>{a50fc7fd-dd06-4fdd-83fa-08ae4cdf5dff}</UniqueIdentifier>
    </Filter>
  </ItemGroup>
  <ItemGroup>
    <ClCompile Include="src\main.cpp">
      <Filter>Source Files</Filter>
    </ClCompile>
    <ClCompile Include="src\common\HashString.cpp">
      <Filter>Source Files\common</Filter>
    </ClCompile>
    <ClCompile Include="src\core\Class.cpp">
      <Filter>Source Files\core</Filter>
    </ClCompile>
    <ClCompile Include="src\core\Engine.cpp">
      <Filter>Source Files\core</Filter>
    </ClCompile>
    <ClCompile Include="src\core\ObjectBase.cpp">
      <Filter>Source Files\core</Filter>
    </ClCompile>
    <ClCompile Include="src\core\TimeManager.cpp">
      <Filter>Source Files\core</Filter>
    </ClCompile>
    <ClCompile Include="src\scene\Scene.cpp">
      <Filter>Source Files\scene</Filter>
    </ClCompile>
    <ClCompile Include="src\scene\SceneObjectBase.cpp">
      <Filter>Source Files\scene</Filter>
    </ClCompile>
    <ClCompile Include="src\scene\SceneObjectComponent.cpp">
      <Filter>Source Files\scene</Filter>
    </ClCompile>
    <ClCompile Include="src\scene\Transform.cpp">
      <Filter>Source Files\scene</Filter>
    </ClCompile>
    <ClCompile Include="src\render\Renderer.cpp">
      <Filter>Source Files\render</Filter>
    </ClCompile>
    <ClCompile Include="src\render\shader\Shader.cpp">
      <Filter>Source Files\render\shader</Filter>
    </ClCompile>
    <ClCompile Include="src\data\MeshData.cpp">
      <Filter>Source Files\data</Filter>
    </ClCompile>
    <ClCompile Include="src\data\DataManager.cpp">
      <Filter>Source Files\data</Filter>
    </ClCompile>
    <ClCompile Include="src\data\Resource.cpp">
      <Filter>Source Files\data</Filter>
    </ClCompile>
    <ClCompile Include="src\scene\mesh\MeshComponent.cpp">
      <Filter>Source Files\scene\mesh</Filter>
    </ClCompile>
    <ClCompile Include="src\scene\mesh\MeshObject.cpp">
      <Filter>Source Files\scene\mesh</Filter>
    </ClCompile>
    <ClCompile Include="src\scene\camera\CameraComponent.cpp">
      <Filter>Source Files\scene\camera</Filter>
    </ClCompile>
    <ClCompile Include="src\scene\camera\CameraObject.cpp">
      <Filter>Source Files\scene\camera</Filter>
    </ClCompile>
    <ClCompile Include="src\stb\stb_image.cpp">
      <Filter>Source Files\stb</Filter>
    </ClCompile>
    <ClCompile Include="src\render\memory\DeviceMemoryChunk.cpp">
      <Filter>Source Files\render\memory</Filter>
    </ClCompile>
    <ClCompile Include="src\render\memory\DeviceMemoryManager.cpp">
      <Filter>Source Files\render\memory</Filter>
    </ClCompile>
    <ClCompile Include="src\data\TextureData.cpp">
      <Filter>Source Files\data</Filter>
    </ClCompile>
    <ClCompile Include="src\import\MeshImporter.cpp">
      <Filter>Source Files\import</Filter>
    </ClCompile>
    <ClCompile Include="src\render\resources\VulkanImage.cpp">
      <Filter>Source Files\render\resources</Filter>
    </ClCompile>
    <ClCompile Include="src\render\resources\VulkanDeviceMemory.cpp">
      <Filter>Source Files\render\resources</Filter>
    </ClCompile>
    <ClCompile Include="src\render\resources\VulkanBuffer.cpp">
      <Filter>Source Files\render\resources</Filter>
    </ClCompile>
    <ClCompile Include="src\render\shader\VulkanShaderModule.cpp">
      <Filter>Source Files\render\shader</Filter>
    </ClCompile>
    <ClCompile Include="src\render\objects\VulkanPhysicalDevice.cpp">
      <Filter>Source Files\render\objects</Filter>
    </ClCompile>
    <ClCompile Include="src\render\objects\VulkanDevice.cpp">
      <Filter>Source Files\render\objects</Filter>
    </ClCompile>
    <ClCompile Include="src\render\objects\VulkanSwapChain.cpp">
      <Filter>Source Files\render\objects</Filter>
    </ClCompile>
    <ClCompile Include="src\render\objects\VulkanCommandBuffers.cpp">
      <Filter>Source Files\render\objects</Filter>
    </ClCompile>
    <ClCompile Include="src\render\DataStructures.cpp">
      <Filter>Source Files\render</Filter>
    </ClCompile>
    <ClCompile Include="src\render\TransferList.cpp">
      <Filter>Source Files\render</Filter>
    </ClCompile>
    <ClCompile Include="src\import\ImageImporter.cpp">
      <Filter>Source Files\import</Filter>
    </ClCompile>
    <ClCompile Include="src\data\Texture2D.cpp">
      <Filter>Source Files\data</Filter>
    </ClCompile>
    <ClCompile Include="src\data\Material.cpp">
      <Filter>Source Files\data</Filter>
    </ClCompile>
    <ClCompile Include="src\render\PipelineRegistry.cpp">
      <Filter>Source Files\render</Filter>
    </ClCompile>
    <ClCompile Include="src\render\objects\VulkanDescriptorSet.cpp">
      <Filter>Source Files\render\objects</Filter>
    </ClCompile>
    <ClCompile Include="src\render\GlobalSamplers.cpp">
      <Filter>Source Files\render</Filter>
    </ClCompile>
    <ClCompile Include="src\render\PerFrameData.cpp">
      <Filter>Source Files\render</Filter>
    </ClCompile>
    <ClCompile Include="src\render\objects\VulkanDescriptorPools.cpp">
      <Filter>Source Files\render\objects</Filter>
    </ClCompile>
    <ClCompile Include="src\render\passes\GBufferPass.cpp">
      <Filter>Source Files\render\passes</Filter>
    </ClCompile>
    <ClCompile Include="src\render\passes\PostProcessPass.cpp">
      <Filter>Source Files\render\passes</Filter>
    </ClCompile>
    <ClCompile Include="src\render\passes\DeferredLightingPass.cpp">
      <Filter>Source Files\render\passes</Filter>
    </ClCompile>
    <ClCompile Include="src\scene\light\LightComponent.cpp">
      <Filter>Source Files\scene\light</Filter>
    </ClCompile>
    <ClCompile Include="src\scene\light\LightObject.cpp">
      <Filter>Source Files\scene\light</Filter>
    </ClCompile>
    <ClCompile Include="src\async\ThreadPool.cpp">
      <Filter>Source Files\async</Filter>
    </ClCompile>
    <ClCompile Include="src\async\Job.cpp">
      <Filter>Source Files\async</Filter>
    </ClCompile>
    <ClCompile Include="src\messages\MessageBus.cpp">
      <Filter>Source Files\messages</Filter>
    </ClCompile>
    <ClCompile Include="src\messages\MessageHandler.cpp">
      <Filter>Source Files\messages</Filter>
    </ClCompile>
    <ClCompile Include="src\messages\Messages.cpp">
      <Filter>Source Files\messages</Filter>
    </ClCompile>
    <ClCompile Include="src\messages\MessageSubscriber.cpp">
      <Filter>Source Files\messages</Filter>
    </ClCompile>
    <ClCompile Include="src\scene\Octree.cpp">
      <Filter>Source Files\scene</Filter>
    </ClCompile>
    <ClCompile Include="src\core\ObjectPool.cpp">
      <Filter>Source Files\core</Filter>
    </ClCompile>
    <ClCompile Include="src\scene\SceneStructures.cpp">
      <Filter>Source Files\scene</Filter>
    </ClCompile>
    <ClCompile Include="src\utils\Math3D.cpp">
      <Filter>Source Files\utils</Filter>
    </ClCompile>
    <ClCompile Include="src\utils\MTArrayWrapper.cpp">
      <Filter>Source Files\utils</Filter>
    </ClCompile>
    <ClCompile Include="src\render\passes\RTShadowPass.cpp">
      <Filter>Source Files\render\passes</Filter>
    </ClCompile>
    <ClCompile Include="src\render\ShaderRegistry.cpp">
      <Filter>Source Files\render</Filter>
    </ClCompile>
    <ClCompile Include="src\utils\Singleton.cpp">
      <Filter>Source Files\utils</Filter>
    </ClCompile>
    <ClCompile Include="src\render\RtScene.cpp">
      <Filter>Source Files\render</Filter>
    </ClCompile>
    <ClCompile Include="src\utils\RTUtils.cpp">
      <Filter>Source Files\utils</Filter>
    </ClCompile>
    <ClCompile Include="src\render\shader\RtShader.cpp">
      <Filter>Source Files\render\shader</Filter>
    </ClCompile>
    <ClCompile Include="src\data\RtMaterial.cpp">
      <Filter>Source Files\data</Filter>
    </ClCompile>
    <ClCompile Include="src\utils\ResourceUtils.cpp">
      <Filter>Source Files\utils</Filter>
    </ClCompile>
    <ClCompile Include="src\render\shader\ShaderResourceMapper.cpp">
      <Filter>Source Files\render\shader</Filter>
    </ClCompile>
    <ClCompile Include="src\render\ClusteringManager.cpp">
      <Filter>Source Files\render</Filter>
    </ClCompile>
    <ClCompile Include="src\render\passes\RTGIPass.cpp">
      <Filter>Source Files\render\passes</Filter>
    </ClCompile>
    <ClCompile Include="src\render\passes\RenderPassDataTable.cpp">
      <Filter>Source Files\render\passes</Filter>
    </ClCompile>
    <ClCompile Include="src\data\BufferData.cpp">
      <Filter>Source Files\data</Filter>
    </ClCompile>
    <ClCompile Include="src\render\passes\RenderPassBase.cpp">
      <Filter>Source Files\render\passes</Filter>
    </ClCompile>
    <ClCompile Include="src\utils\Identifiable.cpp">
      <Filter>Source Files\utils</Filter>
    </ClCompile>
    <ClCompile Include="src\render\passes\DepthPrepass.cpp">
      <Filter>Source Files\render\passes</Filter>
    </ClCompile>
    <ClCompile Include="src\render\passes\ClusterComputePass.cpp">
      <Filter>Source Files\render\passes</Filter>
    </ClCompile>
    <ClCompile Include="src\render\memory\IMemoryChunk.cpp">
      <Filter>Source Files\render\memory</Filter>
    </ClCompile>
    <ClCompile Include="src\render\memory\ArrayMemoryChunk.cpp">
      <Filter>Source Files\render\memory</Filter>
    </ClCompile>
  </ItemGroup>
  <ItemGroup>
    <ClInclude Include="src\common\HashString.h">
      <Filter>Source Files\common</Filter>
    </ClInclude>
    <ClInclude Include="src\core\Class.h">
      <Filter>Source Files\core</Filter>
    </ClInclude>
    <ClInclude Include="src\core\Engine.h">
      <Filter>Source Files\core</Filter>
    </ClInclude>
    <ClInclude Include="src\core\ObjectBase.h">
      <Filter>Source Files\core</Filter>
    </ClInclude>
    <ClInclude Include="src\core\TimeManager.h">
      <Filter>Source Files\core</Filter>
    </ClInclude>
    <ClInclude Include="src\scene\Scene.h">
      <Filter>Source Files\scene</Filter>
    </ClInclude>
    <ClInclude Include="src\scene\SceneObjectBase.h">
      <Filter>Source Files\scene</Filter>
    </ClInclude>
    <ClInclude Include="src\scene\SceneObjectComponent.h">
      <Filter>Source Files\scene</Filter>
    </ClInclude>
    <ClInclude Include="src\scene\Transform.h">
      <Filter>Source Files\scene</Filter>
    </ClInclude>
    <ClInclude Include="src\render\Renderer.h">
      <Filter>Source Files\render</Filter>
    </ClInclude>
    <ClInclude Include="src\render\shader\Shader.h">
      <Filter>Source Files\render\shader</Filter>
    </ClInclude>
    <ClInclude Include="src\data\MeshData.h">
      <Filter>Source Files\data</Filter>
    </ClInclude>
    <ClInclude Include="src\data\DataManager.h">
      <Filter>Source Files\data</Filter>
    </ClInclude>
    <ClInclude Include="src\data\Resource.h">
      <Filter>Source Files\data</Filter>
    </ClInclude>
    <ClInclude Include="src\scene\mesh\MeshObject.h">
      <Filter>Source Files\scene\mesh</Filter>
    </ClInclude>
    <ClInclude Include="src\scene\mesh\MeshComponent.h">
      <Filter>Source Files\scene\mesh</Filter>
    </ClInclude>
    <ClInclude Include="src\scene\camera\CameraComponent.h">
      <Filter>Source Files\scene\camera</Filter>
    </ClInclude>
    <ClInclude Include="src\scene\camera\CameraObject.h">
      <Filter>Source Files\scene\camera</Filter>
    </ClInclude>
    <ClInclude Include="src\stb\stb_image.h">
      <Filter>Source Files\stb</Filter>
    </ClInclude>
    <ClInclude Include="src\render\memory\DeviceMemoryChunk.h">
      <Filter>Source Files\render\memory</Filter>
    </ClInclude>
    <ClInclude Include="src\render\memory\DeviceMemoryManager.h">
      <Filter>Source Files\render\memory</Filter>
    </ClInclude>
    <ClInclude Include="src\data\TextureData.h">
      <Filter>Source Files\data</Filter>
    </ClInclude>
    <ClInclude Include="src\import\MeshImporter.h">
      <Filter>Source Files\import</Filter>
    </ClInclude>
    <ClInclude Include="src\render\resources\VulkanImage.h">
      <Filter>Source Files\render\resources</Filter>
    </ClInclude>
    <ClInclude Include="src\render\resources\VulkanDeviceMemory.h">
      <Filter>Source Files\render\resources</Filter>
    </ClInclude>
    <ClInclude Include="src\render\resources\VulkanBuffer.h">
      <Filter>Source Files\render\resources</Filter>
    </ClInclude>
    <ClInclude Include="src\render\shader\VulkanShaderModule.h">
      <Filter>Source Files\render\shader</Filter>
    </ClInclude>
    <ClInclude Include="src\render\objects\VulkanPhysicalDevice.h">
      <Filter>Source Files\render\objects</Filter>
    </ClInclude>
    <ClInclude Include="src\render\objects\VulkanDevice.h">
      <Filter>Source Files\render\objects</Filter>
    </ClInclude>
    <ClInclude Include="src\render\objects\VulkanSwapChain.h">
      <Filter>Source Files\render\objects</Filter>
    </ClInclude>
    <ClInclude Include="src\render\objects\VulkanCommandBuffers.h">
      <Filter>Source Files\render\objects</Filter>
    </ClInclude>
    <ClInclude Include="src\render\DataStructures.h">
      <Filter>Source Files\render</Filter>
    </ClInclude>
    <ClInclude Include="src\render\TransferList.h">
      <Filter>Source Files\render</Filter>
    </ClInclude>
    <ClInclude Include="src\import\ImageImporter.h">
      <Filter>Source Files\import</Filter>
    </ClInclude>
    <ClInclude Include="src\data\Texture2D.h">
      <Filter>Source Files\data</Filter>
    </ClInclude>
    <ClInclude Include="src\data\Material.h">
      <Filter>Source Files\data</Filter>
    </ClInclude>
    <ClInclude Include="src\render\PipelineRegistry.h">
      <Filter>Source Files\render</Filter>
    </ClInclude>
    <ClInclude Include="src\render\objects\VulkanDescriptorSet.h">
      <Filter>Source Files\render\objects</Filter>
    </ClInclude>
    <ClInclude Include="src\render\GlobalSamplers.h">
      <Filter>Source Files\render</Filter>
    </ClInclude>
    <ClInclude Include="src\render\PerFrameData.h">
      <Filter>Source Files\render</Filter>
    </ClInclude>
    <ClInclude Include="src\render\objects\VulkanDescriptorPools.h">
      <Filter>Source Files\render\objects</Filter>
    </ClInclude>
    <ClInclude Include="src\render\passes\GBufferPass.h">
      <Filter>Source Files\render\passes</Filter>
    </ClInclude>
    <ClInclude Include="src\render\passes\PostProcessPass.h">
      <Filter>Source Files\render\passes</Filter>
    </ClInclude>
    <ClInclude Include="src\render\passes\DeferredLightingPass.h">
      <Filter>Source Files\render\passes</Filter>
    </ClInclude>
    <ClInclude Include="src\scene\light\LightComponent.h">
      <Filter>Source Files\scene\light</Filter>
    </ClInclude>
    <ClInclude Include="src\scene\light\LightObject.h">
      <Filter>Source Files\scene\light</Filter>
    </ClInclude>
    <ClInclude Include="src\async\ThreadPool.h">
      <Filter>Source Files\async</Filter>
    </ClInclude>
    <ClInclude Include="src\async\Job.h">
      <Filter>Source Files\async</Filter>
    </ClInclude>
    <ClInclude Include="src\messages\MessageBus.h">
      <Filter>Source Files\messages</Filter>
    </ClInclude>
    <ClInclude Include="src\messages\MessageHandler.h">
      <Filter>Source Files\messages</Filter>
    </ClInclude>
    <ClInclude Include="src\messages\Messages.h">
      <Filter>Source Files\messages</Filter>
    </ClInclude>
    <ClInclude Include="src\messages\MessageSubscriber.h">
      <Filter>Source Files\messages</Filter>
    </ClInclude>
    <ClInclude Include="src\scene\Octree.h">
      <Filter>Source Files\scene</Filter>
    </ClInclude>
    <ClInclude Include="src\core\ObjectPool.h">
      <Filter>Source Files\core</Filter>
    </ClInclude>
    <ClInclude Include="src\scene\SceneStructures.h">
      <Filter>Source Files\scene</Filter>
    </ClInclude>
    <ClInclude Include="src\utils\Math3D.h">
      <Filter>Source Files\utils</Filter>
    </ClInclude>
    <ClInclude Include="src\utils\MTArrayWrapper.h">
      <Filter>Source Files\utils</Filter>
    </ClInclude>
    <ClInclude Include="src\render\passes\RTShadowPass.h">
      <Filter>Source Files\render\passes</Filter>
    </ClInclude>
    <ClInclude Include="src\render\ShaderRegistry.h">
      <Filter>Source Files\render</Filter>
    </ClInclude>
    <ClInclude Include="src\utils\Singleton.h">
      <Filter>Source Files\utils</Filter>
    </ClInclude>
    <ClInclude Include="src\render\RtScene.h">
      <Filter>Source Files\render</Filter>
    </ClInclude>
    <ClInclude Include="src\utils\RTUtils.h">
      <Filter>Source Files\utils</Filter>
    </ClInclude>
    <ClInclude Include="src\render\shader\RtShader.h">
      <Filter>Source Files\render\shader</Filter>
    </ClInclude>
    <ClInclude Include="src\data\RtMaterial.h">
      <Filter>Source Files\data</Filter>
    </ClInclude>
    <ClInclude Include="src\utils\ResourceUtils.h">
      <Filter>Source Files\utils</Filter>
    </ClInclude>
    <ClInclude Include="src\render\shader\ShaderResourceMapper.h">
      <Filter>Source Files\render\shader</Filter>
    </ClInclude>
    <ClInclude Include="src\render\ClusteringManager.h">
      <Filter>Source Files\render</Filter>
    </ClInclude>
    <ClInclude Include="src\render\passes\RTGIPass.h">
      <Filter>Source Files\render\passes</Filter>
    </ClInclude>
    <ClInclude Include="src\render\passes\RenderPassDataTable.h">
      <Filter>Source Files\render\passes</Filter>
    </ClInclude>
    <ClInclude Include="src\data\BufferData.h">
      <Filter>Source Files\data</Filter>
    </ClInclude>
    <ClInclude Include="src\render\passes\RenderPassBase.h">
      <Filter>Source Files\render\passes</Filter>
    </ClInclude>
    <ClInclude Include="src\utils\Identifiable.h">
      <Filter>Source Files\utils</Filter>
    </ClInclude>
    <ClInclude Include="src\render\passes\DepthPrepass.h">
      <Filter>Source Files\render\passes</Filter>
    </ClInclude>
    <ClInclude Include="src\render\passes\ClusterComputePass.h">
      <Filter>Source Files\render\passes</Filter>
    </ClInclude>
    <ClInclude Include="src\render\memory\IMemoryChunk.h">
      <Filter>Source Files\render\memory</Filter>
    </ClInclude>
    <ClInclude Include="src\render\memory\ArrayMemoryChunk.h">
      <Filter>Source Files\render\memory</Filter>
    </ClInclude>
  </ItemGroup>
  <ItemGroup>
    <None Include="content\shaders\DeferredLighting.frag">
      <Filter>Shaders</Filter>
    </None>
    <None Include="content\shaders\GBufferFrag.frag">
      <Filter>Shaders</Filter>
    </None>
    <None Include="content\shaders\GBufferVert.vert">
      <Filter>Shaders</Filter>
    </None>
    <None Include="content\shaders\LightClustering.comp">
      <Filter>Shaders</Filter>
    </None>
    <None Include="content\shaders\PostProcessFrag.frag">
      <Filter>Shaders</Filter>
    </None>
    <None Include="content\shaders\PostProcessVert.vert">
      <Filter>Shaders</Filter>
    </None>
    <None Include="content\shaders\ScreenSpaceVert.vert">
      <Filter>Shaders</Filter>
    </None>
    <None Include="content\shaders\CommonFrameData.glsl">
      <Filter>Shaders</Filter>
    </None>
    <None Include="content\shaders\CommonRay.glsl">
      <Filter>Shaders</Filter>
    </None>
    <None Include="content\shaders\RayMissShadows.rmiss">
      <Filter>Shaders</Filter>
    </None>
    <None Include="content\shaders\RayGenShadows.rgen">
      <Filter>Shaders</Filter>
    </None>
    <None Include="content\shaders\CommonLight.glsl">
      <Filter>Shaders</Filter>
    </None>
    <None Include="content\shaders\CommonClustering.glsl">
      <Filter>Shaders</Filter>
    </None>
    <None Include="content\shaders\CommonDepth.glsl">
      <Filter>Shaders</Filter>
    </None>
  </ItemGroup>
</Project>